
Microsoft Visual Studio Solution File, Format Version 12.00
# Visual Studio Version 17
VisualStudioVersion = 17.5.002.0
MinimumVisualStudioVersion = 10.0.40219.1
Project("{2150E333-8FDC-42A3-9474-1A3956D46DE8}") = "csharp-prep", "csharp-prep", "{4876DC22-2671-42C2-BF86-8BCA2C9B0864}"
EndProject
Project("{9A19103F-16F7-4668-BE54-9A1E7A4F7556}") = "Prep1", "csharp-prep\Prep1\Prep1.csproj", "{FC4E0A1F-3851-4C62-B3F2-F2997AAD2A9C}"
EndProject
Project("{9A19103F-16F7-4668-BE54-9A1E7A4F7556}") = "Prep2", "csharp-prep\Prep2\Prep2.csproj", "{39575593-D037-4912-BAE5-7213A579CF67}"
EndProject
Project("{9A19103F-16F7-4668-BE54-9A1E7A4F7556}") = "Prep3", "csharp-prep\Prep3\Prep3.csproj", "{276EDF1C-1C94-4740-BC35-7A712EBCC6CE}"
EndProject
Project("{9A19103F-16F7-4668-BE54-9A1E7A4F7556}") = "Prep4", "csharp-prep\Prep4\Prep4.csproj", "{F522A3C4-E402-46A3-A80E-05C39CAF34EA}"
EndProject
Project("{9A19103F-16F7-4668-BE54-9A1E7A4F7556}") = "Prep5", "csharp-prep\Prep5\Prep5.csproj", "{0A219E85-0746-4B88-A579-B515CC94DAF6}"
EndProject
Project("{2150E333-8FDC-42A3-9474-1A3956D46DE8}") = "final", "final", "{712BC22C-1EAE-41C1-BE4F-AC00A341257C}"
EndProject
Project("{9A19103F-16F7-4668-BE54-9A1E7A4F7556}") = "FinalProject", "final\FinalProject\FinalProject.csproj", "{F8914BFB-C457-4551-890B-C9EEB92A42BB}"
EndProject
Project("{9A19103F-16F7-4668-BE54-9A1E7A4F7556}") = "Foundation1", "final\Foundation1\Foundation1.csproj", "{4285B3E3-9DED-4908-9453-64C48068A1D8}"
EndProject
Project("{9A19103F-16F7-4668-BE54-9A1E7A4F7556}") = "Foundation2", "final\Foundation2\Foundation2.csproj", "{CF73C5A8-0592-47F2-A0A0-E8125D996E7C}"
EndProject
Project("{9A19103F-16F7-4668-BE54-9A1E7A4F7556}") = "Foundation3", "final\Foundation3\Foundation3.csproj", "{7C20B4E5-DCE5-4448-8F05-5CCEDC3C8052}"
EndProject
Project("{9A19103F-16F7-4668-BE54-9A1E7A4F7556}") = "Foundation4", "final\Foundation4\Foundation4.csproj", "{4B7D78F6-9BBA-451F-B247-72E3D05CABF7}"
EndProject
Project("{2150E333-8FDC-42A3-9474-1A3956D46DE8}") = "prepare", "prepare", "{477189AE-724C-42FF-B785-74B52CB1849E}"
EndProject
Project("{9A19103F-16F7-4668-BE54-9A1E7A4F7556}") = "Learning02", "prepare\Learning02\Learning02.csproj", "{1796B917-E2E0-478E-BE7F-496DCF055ED9}"
EndProject
Project("{9A19103F-16F7-4668-BE54-9A1E7A4F7556}") = "Learning03", "prepare\Learning03\Learning03.csproj", "{B861A04A-A5C1-4748-A456-25E3AB9F4472}"
EndProject
Project("{9A19103F-16F7-4668-BE54-9A1E7A4F7556}") = "Learning04", "prepare\Learning04\Learning04.csproj", "{A7B13177-063E-4F63-9615-A85A36A4FDBB}"
EndProject
Project("{9A19103F-16F7-4668-BE54-9A1E7A4F7556}") = "Learning05", "prepare\Learning05\Learning05.csproj", "{B2823DAD-545C-40FC-9D8B-CA6957719729}"
EndProject
Project("{2150E333-8FDC-42A3-9474-1A3956D46DE8}") = "prove", "prove", "{4AC5C291-6D36-40DB-B0F8-75824BCF5DBA}"
EndProject
Project("{9A19103F-16F7-4668-BE54-9A1E7A4F7556}") = "Develop02", "prove\Develop02\Develop02.csproj", "{152F1E8B-9633-45B8-9488-5BE24950C39B}"
EndProject
Project("{9A19103F-16F7-4668-BE54-9A1E7A4F7556}") = "Develop03", "prove\Develop03\Develop03.csproj", "{5FA7395B-86F1-4369-8FC9-CDF07B28A994}"
EndProject
Project("{9A19103F-16F7-4668-BE54-9A1E7A4F7556}") = "Develop04", "prove\Develop04\Develop04.csproj", "{9634E5CD-0BA7-449D-A616-D6B39A28E0BE}"
EndProject
Project("{9A19103F-16F7-4668-BE54-9A1E7A4F7556}") = "Develop05", "prove\Develop05\Develop05.csproj", "{C63044D9-E539-43F3-A4B9-302374E4BBFF}"
EndProject
Project("{2150E333-8FDC-42A3-9474-1A3956D46DE8}") = "sandbox", "sandbox", "{807B454F-D94B-49B0-B532-3649E4395195}"
EndProject
Project("{9A19103F-16F7-4668-BE54-9A1E7A4F7556}") = "Sandbox", "sandbox\Sandbox\Sandbox.csproj", "{4764D8F0-C7B8-4128-854A-102D65BB058A}"
EndProject
Global
	GlobalSection(SolutionConfigurationPlatforms) = preSolution
		Debug|Any CPU = Debug|Any CPU
		Release|Any CPU = Release|Any CPU
	EndGlobalSection
	GlobalSection(ProjectConfigurationPlatforms) = postSolution
		{FC4E0A1F-3851-4C62-B3F2-F2997AAD2A9C}.Debug|Any CPU.ActiveCfg = Debug|Any CPU
		{FC4E0A1F-3851-4C62-B3F2-F2997AAD2A9C}.Debug|Any CPU.Build.0 = Debug|Any CPU
		{FC4E0A1F-3851-4C62-B3F2-F2997AAD2A9C}.Release|Any CPU.ActiveCfg = Release|Any CPU
		{FC4E0A1F-3851-4C62-B3F2-F2997AAD2A9C}.Release|Any CPU.Build.0 = Release|Any CPU
		{39575593-D037-4912-BAE5-7213A579CF67}.Debug|Any CPU.ActiveCfg = Debug|Any CPU
		{39575593-D037-4912-BAE5-7213A579CF67}.Debug|Any CPU.Build.0 = Debug|Any CPU
		{39575593-D037-4912-BAE5-7213A579CF67}.Release|Any CPU.ActiveCfg = Release|Any CPU
		{39575593-D037-4912-BAE5-7213A579CF67}.Release|Any CPU.Build.0 = Release|Any CPU
		{276EDF1C-1C94-4740-BC35-7A712EBCC6CE}.Debug|Any CPU.ActiveCfg = Debug|Any CPU
		{276EDF1C-1C94-4740-BC35-7A712EBCC6CE}.Debug|Any CPU.Build.0 = Debug|Any CPU
		{276EDF1C-1C94-4740-BC35-7A712EBCC6CE}.Release|Any CPU.ActiveCfg = Release|Any CPU
		{276EDF1C-1C94-4740-BC35-7A712EBCC6CE}.Release|Any CPU.Build.0 = Release|Any CPU
		{F522A3C4-E402-46A3-A80E-05C39CAF34EA}.Debug|Any CPU.ActiveCfg = Debug|Any CPU
		{F522A3C4-E402-46A3-A80E-05C39CAF34EA}.Debug|Any CPU.Build.0 = Debug|Any CPU
		{F522A3C4-E402-46A3-A80E-05C39CAF34EA}.Release|Any CPU.ActiveCfg = Release|Any CPU
		{F522A3C4-E402-46A3-A80E-05C39CAF34EA}.Release|Any CPU.Build.0 = Release|Any CPU
		{0A219E85-0746-4B88-A579-B515CC94DAF6}.Debug|Any CPU.ActiveCfg = Debug|Any CPU
		{0A219E85-0746-4B88-A579-B515CC94DAF6}.Debug|Any CPU.Build.0 = Debug|Any CPU
		{0A219E85-0746-4B88-A579-B515CC94DAF6}.Release|Any CPU.ActiveCfg = Release|Any CPU
		{0A219E85-0746-4B88-A579-B515CC94DAF6}.Release|Any CPU.Build.0 = Release|Any CPU
		{F8914BFB-C457-4551-890B-C9EEB92A42BB}.Debug|Any CPU.ActiveCfg = Debug|Any CPU
		{F8914BFB-C457-4551-890B-C9EEB92A42BB}.Debug|Any CPU.Build.0 = Debug|Any CPU
		{F8914BFB-C457-4551-890B-C9EEB92A42BB}.Release|Any CPU.ActiveCfg = Release|Any CPU
		{F8914BFB-C457-4551-890B-C9EEB92A42BB}.Release|Any CPU.Build.0 = Release|Any CPU
		{4285B3E3-9DED-4908-9453-64C48068A1D8}.Debug|Any CPU.ActiveCfg = Debug|Any CPU
		{4285B3E3-9DED-4908-9453-64C48068A1D8}.Debug|Any CPU.Build.0 = Debug|Any CPU
		{4285B3E3-9DED-4908-9453-64C48068A1D8}.Release|Any CPU.ActiveCfg = Release|Any CPU
		{4285B3E3-9DED-4908-9453-64C48068A1D8}.Release|Any CPU.Build.0 = Release|Any CPU
		{CF73C5A8-0592-47F2-A0A0-E8125D996E7C}.Debug|Any CPU.ActiveCfg = Debug|Any CPU
		{CF73C5A8-0592-47F2-A0A0-E8125D996E7C}.Debug|Any CPU.Build.0 = Debug|Any CPU
		{CF73C5A8-0592-47F2-A0A0-E8125D996E7C}.Release|Any CPU.ActiveCfg = Release|Any CPU
		{CF73C5A8-0592-47F2-A0A0-E8125D996E7C}.Release|Any CPU.Build.0 = Release|Any CPU
		{7C20B4E5-DCE5-4448-8F05-5CCEDC3C8052}.Debug|Any CPU.ActiveCfg = Debug|Any CPU
		{7C20B4E5-DCE5-4448-8F05-5CCEDC3C8052}.Debug|Any CPU.Build.0 = Debug|Any CPU
		{7C20B4E5-DCE5-4448-8F05-5CCEDC3C8052}.Release|Any CPU.ActiveCfg = Release|Any CPU
		{7C20B4E5-DCE5-4448-8F05-5CCEDC3C8052}.Release|Any CPU.Build.0 = Release|Any CPU
		{4B7D78F6-9BBA-451F-B247-72E3D05CABF7}.Debug|Any CPU.ActiveCfg = Debug|Any CPU
		{4B7D78F6-9BBA-451F-B247-72E3D05CABF7}.Debug|Any CPU.Build.0 = Debug|Any CPU
		{4B7D78F6-9BBA-451F-B247-72E3D05CABF7}.Release|Any CPU.ActiveCfg = Release|Any CPU
		{4B7D78F6-9BBA-451F-B247-72E3D05CABF7}.Release|Any CPU.Build.0 = Release|Any CPU
		{1796B917-E2E0-478E-BE7F-496DCF055ED9}.Debug|Any CPU.ActiveCfg = Debug|Any CPU
		{1796B917-E2E0-478E-BE7F-496DCF055ED9}.Debug|Any CPU.Build.0 = Debug|Any CPU
		{1796B917-E2E0-478E-BE7F-496DCF055ED9}.Release|Any CPU.ActiveCfg = Release|Any CPU
		{1796B917-E2E0-478E-BE7F-496DCF055ED9}.Release|Any CPU.Build.0 = Release|Any CPU
		{B861A04A-A5C1-4748-A456-25E3AB9F4472}.Debug|Any CPU.ActiveCfg = Debug|Any CPU
		{B861A04A-A5C1-4748-A456-25E3AB9F4472}.Debug|Any CPU.Build.0 = Debug|Any CPU
		{B861A04A-A5C1-4748-A456-25E3AB9F4472}.Release|Any CPU.ActiveCfg = Release|Any CPU
		{B861A04A-A5C1-4748-A456-25E3AB9F4472}.Release|Any CPU.Build.0 = Release|Any CPU
		{A7B13177-063E-4F63-9615-A85A36A4FDBB}.Debug|Any CPU.ActiveCfg = Debug|Any CPU
		{A7B13177-063E-4F63-9615-A85A36A4FDBB}.Debug|Any CPU.Build.0 = Debug|Any CPU
		{A7B13177-063E-4F63-9615-A85A36A4FDBB}.Release|Any CPU.ActiveCfg = Release|Any CPU
		{A7B13177-063E-4F63-9615-A85A36A4FDBB}.Release|Any CPU.Build.0 = Release|Any CPU
		{B2823DAD-545C-40FC-9D8B-CA6957719729}.Debug|Any CPU.ActiveCfg = Debug|Any CPU
		{B2823DAD-545C-40FC-9D8B-CA6957719729}.Debug|Any CPU.Build.0 = Debug|Any CPU
		{B2823DAD-545C-40FC-9D8B-CA6957719729}.Release|Any CPU.ActiveCfg = Release|Any CPU
		{B2823DAD-545C-40FC-9D8B-CA6957719729}.Release|Any CPU.Build.0 = Release|Any CPU
		{152F1E8B-9633-45B8-9488-5BE24950C39B}.Debug|Any CPU.ActiveCfg = Debug|Any CPU
		{152F1E8B-9633-45B8-9488-5BE24950C39B}.Debug|Any CPU.Build.0 = Debug|Any CPU
		{152F1E8B-9633-45B8-9488-5BE24950C39B}.Release|Any CPU.ActiveCfg = Release|Any CPU
		{152F1E8B-9633-45B8-9488-5BE24950C39B}.Release|Any CPU.Build.0 = Release|Any CPU
		{5FA7395B-86F1-4369-8FC9-CDF07B28A994}.Debug|Any CPU.ActiveCfg = Debug|Any CPU
		{5FA7395B-86F1-4369-8FC9-CDF07B28A994}.Debug|Any CPU.Build.0 = Debug|Any CPU
		{5FA7395B-86F1-4369-8FC9-CDF07B28A994}.Release|Any CPU.ActiveCfg = Release|Any CPU
		{5FA7395B-86F1-4369-8FC9-CDF07B28A994}.Release|Any CPU.Build.0 = Release|Any CPU
		{9634E5CD-0BA7-449D-A616-D6B39A28E0BE}.Debug|Any CPU.ActiveCfg = Debug|Any CPU
		{9634E5CD-0BA7-449D-A616-D6B39A28E0BE}.Debug|Any CPU.Build.0 = Debug|Any CPU
		{9634E5CD-0BA7-449D-A616-D6B39A28E0BE}.Release|Any CPU.ActiveCfg = Release|Any CPU
		{9634E5CD-0BA7-449D-A616-D6B39A28E0BE}.Release|Any CPU.Build.0 = Release|Any CPU
		{C63044D9-E539-43F3-A4B9-302374E4BBFF}.Debug|Any CPU.ActiveCfg = Debug|Any CPU
		{C63044D9-E539-43F3-A4B9-302374E4BBFF}.Debug|Any CPU.Build.0 = Debug|Any CPU
		{C63044D9-E539-43F3-A4B9-302374E4BBFF}.Release|Any CPU.ActiveCfg = Release|Any CPU
		{C63044D9-E539-43F3-A4B9-302374E4BBFF}.Release|Any CPU.Build.0 = Release|Any CPU
		{4764D8F0-C7B8-4128-854A-102D65BB058A}.Debug|Any CPU.ActiveCfg = Debug|Any CPU
		{4764D8F0-C7B8-4128-854A-102D65BB058A}.Debug|Any CPU.Build.0 = Debug|Any CPU
		{4764D8F0-C7B8-4128-854A-102D65BB058A}.Release|Any CPU.ActiveCfg = Release|Any CPU
		{4764D8F0-C7B8-4128-854A-102D65BB058A}.Release|Any CPU.Build.0 = Release|Any CPU
	EndGlobalSection
	GlobalSection(SolutionProperties) = preSolution
		HideSolutionNode = FALSE
	EndGlobalSection
	GlobalSection(NestedProjects) = preSolution
		{FC4E0A1F-3851-4C62-B3F2-F2997AAD2A9C} = {4876DC22-2671-42C2-BF86-8BCA2C9B0864}
		{39575593-D037-4912-BAE5-7213A579CF67} = {4876DC22-2671-42C2-BF86-8BCA2C9B0864}
		{276EDF1C-1C94-4740-BC35-7A712EBCC6CE} = {4876DC22-2671-42C2-BF86-8BCA2C9B0864}
		{F522A3C4-E402-46A3-A80E-05C39CAF34EA} = {4876DC22-2671-42C2-BF86-8BCA2C9B0864}
		{0A219E85-0746-4B88-A579-B515CC94DAF6} = {4876DC22-2671-42C2-BF86-8BCA2C9B0864}
		{F8914BFB-C457-4551-890B-C9EEB92A42BB} = {712BC22C-1EAE-41C1-BE4F-AC00A341257C}
		{4285B3E3-9DED-4908-9453-64C48068A1D8} = {712BC22C-1EAE-41C1-BE4F-AC00A341257C}
		{CF73C5A8-0592-47F2-A0A0-E8125D996E7C} = {712BC22C-1EAE-41C1-BE4F-AC00A341257C}
		{7C20B4E5-DCE5-4448-8F05-5CCEDC3C8052} = {712BC22C-1EAE-41C1-BE4F-AC00A341257C}
		{4B7D78F6-9BBA-451F-B247-72E3D05CABF7} = {712BC22C-1EAE-41C1-BE4F-AC00A341257C}
		{1796B917-E2E0-478E-BE7F-496DCF055ED9} = {477189AE-724C-42FF-B785-74B52CB1849E}
		{B861A04A-A5C1-4748-A456-25E3AB9F4472} = {477189AE-724C-42FF-B785-74B52CB1849E}
		{A7B13177-063E-4F63-9615-A85A36A4FDBB} = {477189AE-724C-42FF-B785-74B52CB1849E}
		{B2823DAD-545C-40FC-9D8B-CA6957719729} = {477189AE-724C-42FF-B785-74B52CB1849E}
		{152F1E8B-9633-45B8-9488-5BE24950C39B} = {4AC5C291-6D36-40DB-B0F8-75824BCF5DBA}
		{5FA7395B-86F1-4369-8FC9-CDF07B28A994} = {4AC5C291-6D36-40DB-B0F8-75824BCF5DBA}
		{9634E5CD-0BA7-449D-A616-D6B39A28E0BE} = {4AC5C291-6D36-40DB-B0F8-75824BCF5DBA}
		{C63044D9-E539-43F3-A4B9-302374E4BBFF} = {4AC5C291-6D36-40DB-B0F8-75824BCF5DBA}
		{4764D8F0-C7B8-4128-854A-102D65BB058A} = {807B454F-D94B-49B0-B532-3649E4395195}
	EndGlobalSection
	GlobalSection(ExtensibilityGlobals) = postSolution
		SolutionGuid = {4CB52CF9-0765-4F6C-AAA2-7610A8BA6A30}
	EndGlobalSection
EndGlobal
